
Microsoft Visual Studio Solution File, Format Version 12.00
# Visual Studio 15
Project("{FAE04EC0-301F-11D3-BF4B-00C04F79EFBC}") = "Assembly-CSharp-Editor", "Assembly-CSharp-Editor.csproj", "{7BC8ABF9-E86D-0128-2C1A-CB9D85A7E9FE}"
EndProject
Project("{FAE04EC0-301F-11D3-BF4B-00C04F79EFBC}") = "Assembly-CSharp", "Assembly-CSharp.csproj", "{FA3B0826-9E42-E5AE-EA19-D1AE288B8B8E}"
EndProject
Global
	GlobalSection(SolutionConfigurationPlatforms) = preSolution
		Debug|Any CPU = Debug|Any CPU
		Release|Any CPU = Release|Any CPU
	EndGlobalSection
	GlobalSection(ProjectConfigurationPlatforms) = postSolution
		{7BC8ABF9-E86D-0128-2C1A-CB9D85A7E9FE}.Debug|Any CPU.ActiveCfg = Debug|Any CPU
		{7BC8ABF9-E86D-0128-2C1A-CB9D85A7E9FE}.Debug|Any CPU.Build.0 = Debug|Any CPU
		{7BC8ABF9-E86D-0128-2C1A-CB9D85A7E9FE}.Release|Any CPU.ActiveCfg = Release|Any CPU
		{7BC8ABF9-E86D-0128-2C1A-CB9D85A7E9FE}.Release|Any CPU.Build.0 = Release|Any CPU
		{FA3B0826-9E42-E5AE-EA19-D1AE288B8B8E}.Debug|Any CPU.ActiveCfg = Debug|Any CPU
		{FA3B0826-9E42-E5AE-EA19-D1AE288B8B8E}.Debug|Any CPU.Build.0 = Debug|Any CPU
		{FA3B0826-9E42-E5AE-EA19-D1AE288B8B8E}.Release|Any CPU.ActiveCfg = Release|Any CPU
		{FA3B0826-9E42-E5AE-EA19-D1AE288B8B8E}.Release|Any CPU.Build.0 = Release|Any CPU
	EndGlobalSection
	GlobalSection(SolutionProperties) = preSolution
		HideSolutionNode = FALSE
	EndGlobalSection
EndGlobal
